
Microsoft Visual Studio Solution File, Format Version 12.00
# Visual Studio Version 16
VisualStudioVersion = 16.0.29613.14
MinimumVisualStudioVersion = 10.0.40219.1
Project("{7AB8ADE4-C249-4A0B-BC4E-2F2D701972FD}") = "ricaun.DI", "ricaun.DI\ricaun.DI.csproj", "{DE5487C5-63A6-426B-A182-6C37AABDD65A}"
EndProject
Project("{7AB8ADE4-C249-4A0B-BC4E-2F2D701972FD}") = "Build", "Build\Build.csproj", "{46DFB603-5690-456F-A6E0-E9AA5B9CBF0B}"
EndProject
Project("{2150E333-8FDC-42A3-9474-1A3956D46DE8}") = "Solution", "Solution", "{2F86DEBA-A092-4AC5-98A3-D5143E81E4B2}"
	ProjectSection(SolutionItems) = preProject
		CHANGELOG.md = CHANGELOG.md
		LICENSE = LICENSE
		README.md = README.md
	EndProjectSection
EndProject
Global
	GlobalSection(SolutionConfigurationPlatforms) = preSolution
	Debug|Any CPU = Debug|Any CPU
	Release|Any CPU = Release|Any CPU
	EndGlobalSection
	GlobalSection(ProjectConfigurationPlatforms) = postSolution
		{DE5487C5-63A6-426B-A182-6C37AABDD65A}.Debug|Any CPU.ActiveCfg = Debug|Any CPU
		{DE5487C5-63A6-426B-A182-6C37AABDD65A}.Debug|Any CPU.Build.0 = Debug|Any CPU
		{DE5487C5-63A6-426B-A182-6C37AABDD65A}.Release|Any CPU.ActiveCfg = Release|Any CPU
		{DE5487C5-63A6-426B-A182-6C37AABDD65A}.Release|Any CPU.Build.0 = Release|Any CPU
		{46DFB603-5690-456F-A6E0-E9AA5B9CBF0B}.Debug|Any CPU.ActiveCfg = Debug|Any CPU
		{46DFB603-5690-456F-A6E0-E9AA5B9CBF0B}.Release|Any CPU.ActiveCfg = Release|Any CPU
	EndGlobalSection
	GlobalSection(SolutionProperties) = preSolution
		HideSolutionNode = FALSE
	EndGlobalSection
EndGlobal
